
Microsoft Visual Studio Solution File, Format Version 12.00
Project("{FAE04EC0-301F-11D3-BF4B-00C04F79EFBC}") = "UserFrontend", "UserFrontend\UserFrontend.csproj", "{FEDB84F4-EEEA-4892-A91C-003AD5B46878}"
EndProject
Project("{2150E333-8FDC-42A3-9474-1A3956D46DE8}") = "Solution Items", "Solution Items", "{6E8A15E2-22B3-4C30-AB12-1996E869D2E8}"
	ProjectSection(SolutionItems) = preProject
		compose.yaml = compose.yaml
	EndProjectSection
EndProject
Project("{2150E333-8FDC-42A3-9474-1A3956D46DE8}") = "Data", "Data", "{99128D13-82BE-42A7-A32D-3C54D84CA36E}"
EndProject
Project("{FAE04EC0-301F-11D3-BF4B-00C04F79EFBC}") = "Models", "Data\Models\Models.csproj", "{A61BC6CE-5F1B-46AE-9020-8C1B9CF336CC}"
EndProject
Project("{FAE04EC0-301F-11D3-BF4B-00C04F79EFBC}") = "UserApi", "Apis\UserApi\UserApi.csproj", "{B604386A-05B7-4670-9F8C-6FE04FD6184B}"
EndProject
Project("{2150E333-8FDC-42A3-9474-1A3956D46DE8}") = "Apis", "Apis", "{C54CB5B7-D29A-4ECB-A57D-8F46D107CA2A}"
EndProject
Project("{FAE04EC0-301F-11D3-BF4B-00C04F79EFBC}") = "Services", "Data\Services\Services.csproj", "{EBFE4704-C6F1-499B-A9B6-22F57DD817D2}"
EndProject
Global
	GlobalSection(SolutionConfigurationPlatforms) = preSolution
		Debug|Any CPU = Debug|Any CPU
		Release|Any CPU = Release|Any CPU
	EndGlobalSection
	GlobalSection(ProjectConfigurationPlatforms) = postSolution
		{FEDB84F4-EEEA-4892-A91C-003AD5B46878}.Debug|Any CPU.ActiveCfg = Debug|Any CPU
		{FEDB84F4-EEEA-4892-A91C-003AD5B46878}.Debug|Any CPU.Build.0 = Debug|Any CPU
		{FEDB84F4-EEEA-4892-A91C-003AD5B46878}.Release|Any CPU.ActiveCfg = Release|Any CPU
		{FEDB84F4-EEEA-4892-A91C-003AD5B46878}.Release|Any CPU.Build.0 = Release|Any CPU
		{A61BC6CE-5F1B-46AE-9020-8C1B9CF336CC}.Debug|Any CPU.ActiveCfg = Debug|Any CPU
		{A61BC6CE-5F1B-46AE-9020-8C1B9CF336CC}.Debug|Any CPU.Build.0 = Debug|Any CPU
		{A61BC6CE-5F1B-46AE-9020-8C1B9CF336CC}.Release|Any CPU.ActiveCfg = Release|Any CPU
		{A61BC6CE-5F1B-46AE-9020-8C1B9CF336CC}.Release|Any CPU.Build.0 = Release|Any CPU
		{B604386A-05B7-4670-9F8C-6FE04FD6184B}.Debug|Any CPU.ActiveCfg = Debug|Any CPU
		{B604386A-05B7-4670-9F8C-6FE04FD6184B}.Debug|Any CPU.Build.0 = Debug|Any CPU
		{B604386A-05B7-4670-9F8C-6FE04FD6184B}.Release|Any CPU.ActiveCfg = Release|Any CPU
		{B604386A-05B7-4670-9F8C-6FE04FD6184B}.Release|Any CPU.Build.0 = Release|Any CPU
		{EBFE4704-C6F1-499B-A9B6-22F57DD817D2}.Debug|Any CPU.ActiveCfg = Debug|Any CPU
		{EBFE4704-C6F1-499B-A9B6-22F57DD817D2}.Debug|Any CPU.Build.0 = Debug|Any CPU
		{EBFE4704-C6F1-499B-A9B6-22F57DD817D2}.Release|Any CPU.ActiveCfg = Release|Any CPU
		{EBFE4704-C6F1-499B-A9B6-22F57DD817D2}.Release|Any CPU.Build.0 = Release|Any CPU
	EndGlobalSection
	GlobalSection(NestedProjects) = preSolution
		{A61BC6CE-5F1B-46AE-9020-8C1B9CF336CC} = {99128D13-82BE-42A7-A32D-3C54D84CA36E}
		{B604386A-05B7-4670-9F8C-6FE04FD6184B} = {C54CB5B7-D29A-4ECB-A57D-8F46D107CA2A}
		{EBFE4704-C6F1-499B-A9B6-22F57DD817D2} = {99128D13-82BE-42A7-A32D-3C54D84CA36E}
	EndGlobalSection
EndGlobal
